github.com/YourOnly-One/hugo-semantic-web v1.1.1 h1:yRtleU6fvIyKPhOAXOtYPaauUIxSeqlY/2XdOo8SxTY=
github.com/YourOnly-One/hugo-semantic-web v1.1.1/go.mod h1:ou1G3eoSHdluO1VwvMgRbdzc9qidrCbKahCKjjdrEJg=
github.com/bep/docuapi/v2 v2.0.5 h1:Xlm+4ODqUczW+HjXnxh44ogkTpot4JH7GWPcPqr3QxE=
github.com/bep/docuapi/v2 v2.0.5/go.mod h1:hoeibCSjXWJ/fLOwPSo8WZbgl5EO3zQjS/nrAs2v2Ro=
github.com/gohugoio/hugo-mod-jslibs-dist/alpinejs/v3 v3.500.100 h1:yIymGxglvwr9Guhk7cr9VoMQ3IgLLJ0E4PKcKCg+kJY=
github.com/gohugoio/hugo-mod-jslibs-dist/alpinejs/v3 v3.500.100/go.mod h1:WWQxcmPs5Xy3xDgi29ipkmZT6NKVb3bsqyCDTY3eYYY=
github.com/olivernn/lunr.js v2.3.9+incompatible h1:eH8iBnjlR4mwlYDdNuqy9PCNLjp2bEs6aoNnTSaccx0=
github.com/olivernn/lunr.js v2.3.9+incompatible/go.mod h1:yEkQ1DUSMtNsn8n2CqvQXZd0ErWPEG8g9QRmblR+KS8=
github.com/slatedocs/slate v2.9.2+incompatible/go.mod h1:n698aXLkExWIlF7prJey0Kq6wlKIKvj/stVb5oouZDM=
github.com/slatedocs/slate v2.12.0+incompatible h1:Tx72d8/4B+gtDXlnJNU3ulSaZbdpFJ50zXdi4DFfOxQ=
github.com/slatedocs/slate v2.12.0+incompatible/go.mod h1:n698aXLkExWIlF7prJey0Kq6wlKIKvj/stVb5oouZDM=
