github.com/YourOnly-One/hugo-semantic-web v1.1.1 h1:yRtleU6fvIyKPhOAXOtYPaauUIxSeqlY/2XdOo8SxTY=
github.com/YourOnly-One/hugo-semantic-web v1.1.1/go.mod h1:ou1G3eoSHdluO1VwvMgRbdzc9qidrCbKahCKjjdrEJg=
github.com/bep/docuapi v1.5.2 h1:x39iR9Bt0YDDXVhzyGZANi4S1OOSKfBq2NqEeW4DhSw=
github.com/bep/docuapi v1.5.2/go.mod h1:0QF8FyVUQtcPTyCpKcgiecRRWvYo3gc89muadDzkZpw=
github.com/bep/docuapi/v2 v2.0.5 h1:Xlm+4ODqUczW+HjXnxh44ogkTpot4JH7GWPcPqr3QxE=
github.com/bep/docuapi/v2 v2.0.5/go.mod h1:hoeibCSjXWJ/fLOwPSo8WZbgl5EO3zQjS/nrAs2v2Ro=
github.com/gohugoio/hugo-mod-jslibs-dist/alpinejs/v3 v3.500.100/go.mod h1:WWQxcmPs5Xy3xDgi29ipkmZT6NKVb3bsqyCDTY3eYYY=
github.com/jquery/jquery-dist v0.0.0-20210302171154-e786e3d9707f/go.mod h1:/lTfttEqFU0GWTaOOMIeNTzLGQ7yTIgyzjtkS/pYIoc=
github.com/olivernn/lunr.js v2.3.9+incompatible/go.mod h1:yEkQ1DUSMtNsn8n2CqvQXZd0ErWPEG8g9QRmblR+KS8=
github.com/slatedocs/slate v2.9.2+incompatible/go.mod h1:n698aXLkExWIlF7prJey0Kq6wlKIKvj/stVb5oouZDM=
